
Microsoft Visual Studio Solution File, Format Version 12.00
# Visual Studio 2013
VisualStudioVersion = 12.0.21005.1
MinimumVisualStudioVersion = 10.0.40219.1
Project("{FAE04EC0-301F-11D3-BF4B-00C04F79EFBC}") = "GeneralTest", "GeneralTest\GeneralTest.csproj", "{3BA78C92-776E-42E7-9E36-FFA89E05DA83}"
EndProject
Project("{FAE04EC0-301F-11D3-BF4B-00C04F79EFBC}") = "GeneralTest.Xna", "GeneralTest.Xna\GeneralTest.Xna\GeneralTest.Xna.csproj", "{0DA7AC37-9EE0-4DE9-9304-F53D93EC5864}"
EndProject
Project("{96E2B04D-8817-42C6-938A-82C39BA4D311}") = "GeneralTest.XnaContent", "GeneralTest.Xna\GeneralTest.XnaContent\GeneralTest.XnaContent.contentproj", "{F84C3C47-A667-418E-A5BB-55A9B69E0E07}"
EndProject
Global
	GlobalSection(SolutionConfigurationPlatforms) = preSolution
		Debug|Any CPU = Debug|Any CPU
		Debug|ARM = Debug|ARM
		Debug|Mixed Platforms = Debug|Mixed Platforms
		Debug|x64 = Debug|x64
		Debug|x86 = Debug|x86
		Debug|Xbox 360 = Debug|Xbox 360
		Release|Any CPU = Release|Any CPU
		Release|ARM = Release|ARM
		Release|Mixed Platforms = Release|Mixed Platforms
		Release|x64 = Release|x64
		Release|x86 = Release|x86
		Release|Xbox 360 = Release|Xbox 360
	EndGlobalSection
	GlobalSection(ProjectConfigurationPlatforms) = postSolution
		{3BA78C92-776E-42E7-9E36-FFA89E05DA83}.Debug|Any CPU.ActiveCfg = Debug|Any CPU
		{3BA78C92-776E-42E7-9E36-FFA89E05DA83}.Debug|Any CPU.Build.0 = Debug|Any CPU
		{3BA78C92-776E-42E7-9E36-FFA89E05DA83}.Debug|Any CPU.Deploy.0 = Debug|Any CPU
		{3BA78C92-776E-42E7-9E36-FFA89E05DA83}.Debug|ARM.ActiveCfg = Debug|ARM
		{3BA78C92-776E-42E7-9E36-FFA89E05DA83}.Debug|ARM.Build.0 = Debug|ARM
		{3BA78C92-776E-42E7-9E36-FFA89E05DA83}.Debug|ARM.Deploy.0 = Debug|ARM
		{3BA78C92-776E-42E7-9E36-FFA89E05DA83}.Debug|Mixed Platforms.ActiveCfg = Debug|x86
		{3BA78C92-776E-42E7-9E36-FFA89E05DA83}.Debug|Mixed Platforms.Build.0 = Debug|x86
		{3BA78C92-776E-42E7-9E36-FFA89E05DA83}.Debug|Mixed Platforms.Deploy.0 = Debug|x86
		{3BA78C92-776E-42E7-9E36-FFA89E05DA83}.Debug|x64.ActiveCfg = Debug|x64
		{3BA78C92-776E-42E7-9E36-FFA89E05DA83}.Debug|x64.Build.0 = Debug|x64
		{3BA78C92-776E-42E7-9E36-FFA89E05DA83}.Debug|x64.Deploy.0 = Debug|x64
		{3BA78C92-776E-42E7-9E36-FFA89E05DA83}.Debug|x86.ActiveCfg = Debug|x86
		{3BA78C92-776E-42E7-9E36-FFA89E05DA83}.Debug|x86.Build.0 = Debug|x86
		{3BA78C92-776E-42E7-9E36-FFA89E05DA83}.Debug|x86.Deploy.0 = Debug|x86
		{3BA78C92-776E-42E7-9E36-FFA89E05DA83}.Debug|Xbox 360.ActiveCfg = Debug|Any CPU
		{3BA78C92-776E-42E7-9E36-FFA89E05DA83}.Release|Any CPU.ActiveCfg = Release|Any CPU
		{3BA78C92-776E-42E7-9E36-FFA89E05DA83}.Release|Any CPU.Build.0 = Release|Any CPU
		{3BA78C92-776E-42E7-9E36-FFA89E05DA83}.Release|Any CPU.Deploy.0 = Release|Any CPU
		{3BA78C92-776E-42E7-9E36-FFA89E05DA83}.Release|ARM.ActiveCfg = Release|ARM
		{3BA78C92-776E-42E7-9E36-FFA89E05DA83}.Release|ARM.Build.0 = Release|ARM
		{3BA78C92-776E-42E7-9E36-FFA89E05DA83}.Release|ARM.Deploy.0 = Release|ARM
		{3BA78C92-776E-42E7-9E36-FFA89E05DA83}.Release|Mixed Platforms.ActiveCfg = Release|x86
		{3BA78C92-776E-42E7-9E36-FFA89E05DA83}.Release|Mixed Platforms.Build.0 = Release|x86
		{3BA78C92-776E-42E7-9E36-FFA89E05DA83}.Release|Mixed Platforms.Deploy.0 = Release|x86
		{3BA78C92-776E-42E7-9E36-FFA89E05DA83}.Release|x64.ActiveCfg = Release|x64
		{3BA78C92-776E-42E7-9E36-FFA89E05DA83}.Release|x64.Build.0 = Release|x64
		{3BA78C92-776E-42E7-9E36-FFA89E05DA83}.Release|x64.Deploy.0 = Release|x64
		{3BA78C92-776E-42E7-9E36-FFA89E05DA83}.Release|x86.ActiveCfg = Release|x86
		{3BA78C92-776E-42E7-9E36-FFA89E05DA83}.Release|x86.Build.0 = Release|x86
		{3BA78C92-776E-42E7-9E36-FFA89E05DA83}.Release|x86.Deploy.0 = Release|x86
		{3BA78C92-776E-42E7-9E36-FFA89E05DA83}.Release|Xbox 360.ActiveCfg = Release|Any CPU
		{0DA7AC37-9EE0-4DE9-9304-F53D93EC5864}.Debug|Any CPU.ActiveCfg = Debug|x86
		{0DA7AC37-9EE0-4DE9-9304-F53D93EC5864}.Debug|ARM.ActiveCfg = Debug|x86
		{0DA7AC37-9EE0-4DE9-9304-F53D93EC5864}.Debug|Mixed Platforms.ActiveCfg = Debug|x86
		{0DA7AC37-9EE0-4DE9-9304-F53D93EC5864}.Debug|Mixed Platforms.Build.0 = Debug|x86
		{0DA7AC37-9EE0-4DE9-9304-F53D93EC5864}.Debug|x64.ActiveCfg = Debug|x86
		{0DA7AC37-9EE0-4DE9-9304-F53D93EC5864}.Debug|x86.ActiveCfg = Debug|x86
		{0DA7AC37-9EE0-4DE9-9304-F53D93EC5864}.Debug|x86.Build.0 = Debug|x86
		{0DA7AC37-9EE0-4DE9-9304-F53D93EC5864}.Debug|Xbox 360.ActiveCfg = Debug|x86
		{0DA7AC37-9EE0-4DE9-9304-F53D93EC5864}.Release|Any CPU.ActiveCfg = Release|x86
		{0DA7AC37-9EE0-4DE9-9304-F53D93EC5864}.Release|ARM.ActiveCfg = Release|x86
		{0DA7AC37-9EE0-4DE9-9304-F53D93EC5864}.Release|Mixed Platforms.ActiveCfg = Release|x86
		{0DA7AC37-9EE0-4DE9-9304-F53D93EC5864}.Release|Mixed Platforms.Build.0 = Release|x86
		{0DA7AC37-9EE0-4DE9-9304-F53D93EC5864}.Release|x64.ActiveCfg = Release|x86
		{0DA7AC37-9EE0-4DE9-9304-F53D93EC5864}.Release|x86.ActiveCfg = Release|x86
		{0DA7AC37-9EE0-4DE9-9304-F53D93EC5864}.Release|x86.Build.0 = Release|x86
		{0DA7AC37-9EE0-4DE9-9304-F53D93EC5864}.Release|Xbox 360.ActiveCfg = Release|x86
		{F84C3C47-A667-418E-A5BB-55A9B69E0E07}.Debug|Any CPU.ActiveCfg = Debug|x86
		{F84C3C47-A667-418E-A5BB-55A9B69E0E07}.Debug|ARM.ActiveCfg = Debug|x86
		{F84C3C47-A667-418E-A5BB-55A9B69E0E07}.Debug|Mixed Platforms.ActiveCfg = Debug|x86
		{F84C3C47-A667-418E-A5BB-55A9B69E0E07}.Debug|x64.ActiveCfg = Debug|x86
		{F84C3C47-A667-418E-A5BB-55A9B69E0E07}.Debug|x86.ActiveCfg = Debug|x86
		{F84C3C47-A667-418E-A5BB-55A9B69E0E07}.Debug|Xbox 360.ActiveCfg = Debug|x86
		{F84C3C47-A667-418E-A5BB-55A9B69E0E07}.Release|Any CPU.ActiveCfg = Release|x86
		{F84C3C47-A667-418E-A5BB-55A9B69E0E07}.Release|ARM.ActiveCfg = Release|x86
		{F84C3C47-A667-418E-A5BB-55A9B69E0E07}.Release|Mixed Platforms.ActiveCfg = Release|x86
		{F84C3C47-A667-418E-A5BB-55A9B69E0E07}.Release|x64.ActiveCfg = Release|x86
		{F84C3C47-A667-418E-A5BB-55A9B69E0E07}.Release|x86.ActiveCfg = Release|x86
		{F84C3C47-A667-418E-A5BB-55A9B69E0E07}.Release|Xbox 360.ActiveCfg = Release|x86
	EndGlobalSection
	GlobalSection(SolutionProperties) = preSolution
		HideSolutionNode = FALSE
	EndGlobalSection
EndGlobal
